
Microsoft Visual Studio Solution File, Format Version 12.00
Project("{2150E333-8FDC-42A3-9474-1A3956D46DE8}") = "source", "source", "{B45BBEB4-EE04-402D-A360-C2E0F8E477D3}"
EndProject
Project("{FAE04EC0-301F-11D3-BF4B-00C04F79EFBC}") = "FishPieClient", "source\FishPieClient\FishPieClient.csproj", "{6EB0BC08-141E-4008-B45D-F62765995E42}"
EndProject
Global
	GlobalSection(SolutionConfigurationPlatforms) = preSolution
		Release|x64 = Release|x64
		Debug|x64 = Debug|x64
	EndGlobalSection
	GlobalSection(ProjectConfigurationPlatforms) = postSolution
		{6EB0BC08-141E-4008-B45D-F62765995E42}.Release|x64.ActiveCfg = Release|x64
		{6EB0BC08-141E-4008-B45D-F62765995E42}.Release|x64.Build.0 = Release|x64
		{6EB0BC08-141E-4008-B45D-F62765995E42}.Debug|x64.ActiveCfg = Debug|x64
		{6EB0BC08-141E-4008-B45D-F62765995E42}.Debug|x64.Build.0 = Debug|x64
	EndGlobalSection
	GlobalSection(NestedProjects) = preSolution
		{6EB0BC08-141E-4008-B45D-F62765995E42} = {B45BBEB4-EE04-402D-A360-C2E0F8E477D3}
	EndGlobalSection
EndGlobal
